
Microsoft Visual Studio Solution File, Format Version 12.00
# Visual Studio Version 16
VisualStudioVersion = 16.0.28803.452
MinimumVisualStudioVersion = 10.0.40219.1
Project("{FAE04EC0-301F-11D3-BF4B-00C04F79EFBC}") = "Asteroids", "Asteroids\Asteroids.csproj", "{D49EF6CD-A702-4A28-AD80-27668AFD389C}"
EndProject
Global
	GlobalSection(SolutionConfigurationPlatforms) = preSolution
		Debug|Any CPU = Debug|Any CPU
		Release|Any CPU = Release|Any CPU
	EndGlobalSection
	GlobalSection(ProjectConfigurationPlatforms) = postSolution
		{D49EF6CD-A702-4A28-AD80-27668AFD389C}.Debug|Any CPU.ActiveCfg = Debug|Any CPU
		{D49EF6CD-A702-4A28-AD80-27668AFD389C}.Debug|Any CPU.Build.0 = Debug|Any CPU
		{D49EF6CD-A702-4A28-AD80-27668AFD389C}.Release|Any CPU.ActiveCfg = Release|Any CPU
		{D49EF6CD-A702-4A28-AD80-27668AFD389C}.Release|Any CPU.Build.0 = Release|Any CPU
	EndGlobalSection
	GlobalSection(SolutionProperties) = preSolution
		HideSolutionNode = FALSE
	EndGlobalSection
	GlobalSection(ExtensibilityGlobals) = postSolution
		SolutionGuid = {EA6D6C0F-DA3D-4301-8555-27378843AE77}
	EndGlobalSection
EndGlobal
